
Microsoft Visual Studio Solution File, Format Version 12.00
# Visual Studio Version 17
VisualStudioVersion = 17.2.32630.192
MinimumVisualStudioVersion = 10.0.40219.1
Project("{FAE04EC0-301F-11D3-BF4B-00C04F79EFBC}") = "RepositoryDesignPattern", "RepositoryDesignPattern\RepositoryDesignPattern.csproj", "{3C82B121-26C4-4AF8-BEB9-9CF442DE9891}"
EndProject
Global
	GlobalSection(SolutionConfigurationPlatforms) = preSolution
		Debug|Any CPU = Debug|Any CPU
		Release|Any CPU = Release|Any CPU
	EndGlobalSection
	GlobalSection(ProjectConfigurationPlatforms) = postSolution
		{3C82B121-26C4-4AF8-BEB9-9CF442DE9891}.Debug|Any CPU.ActiveCfg = Debug|Any CPU
		{3C82B121-26C4-4AF8-BEB9-9CF442DE9891}.Debug|Any CPU.Build.0 = Debug|Any CPU
		{3C82B121-26C4-4AF8-BEB9-9CF442DE9891}.Release|Any CPU.ActiveCfg = Release|Any CPU
		{3C82B121-26C4-4AF8-BEB9-9CF442DE9891}.Release|Any CPU.Build.0 = Release|Any CPU
	EndGlobalSection
	GlobalSection(SolutionProperties) = preSolution
		HideSolutionNode = FALSE
	EndGlobalSection
	GlobalSection(ExtensibilityGlobals) = postSolution
		SolutionGuid = {EB65D045-2BDD-4A40-8F35-3B57B9F2A434}
	EndGlobalSection
EndGlobal
